{
    "_meta": {
        "hash": {
            "sha256": "1214c859d02ce9388e7b68c4d42ceffccbc72ef0ac44a087df66d881be4f8333"
        },
        "pipfile-spec": 6,
        "requires": {
            "python_version": "3.7"
        },
        "sources": [
            {
                "name": "pypi",
                "url": "https://pypi.org/simple",
                "verify_ssl": true
            }
        ]
    },
    "default": {
        "numpy": {
            "hashes": [
                "sha256:09858463db6dd9f78b2a1a05c93f3b33d4f65975771e90d2cf7aadb7c2f66edf",
                "sha256:209666ce9d4a817e8a4597cd475b71b4878a85fa4b8db41d79fdb4fdee01dde2",
                "sha256:298156f4d3d46815eaf0fcf0a03f9625fc7631692bd1ad851517ab93c3168fc6",
                "sha256:30fc68307c0155d2a75ad19844224be0f2c6f06572d958db4e2053f816b859ad",
                "sha256:423216d8afc5923b15df86037c6053bf030d15cc9e3224206ef868c2d63dd6dc",
                "sha256:426a00b68b0d21f2deb2ace3c6d677e611ad5a612d2c76494e24a562a930c254",
                "sha256:466e682264b14982012887e90346d33435c984b7fead7b85e634903795c8fdb0",
                "sha256:51a7b9db0a2941434cd930dacaafe0fc9da8f3d6157f9d12f761bbde93f46218",
                "sha256:52a664323273c08f3b473548bf87c8145b7513afd63e4ebba8496ecd3853df13",
                "sha256:550564024dc5ceee9421a86fc0fb378aa9d222d4d0f858f6669eff7410c89bef",
                "sha256:5de64950137f3a50b76ce93556db392e8f1f954c2d8207f78a92d1f79aa9f737",
                "sha256:640c1ccfd56724f2955c237b6ccce2e5b8607c3bc1cc51d3933b8c48d1da3723",
                "sha256:7fdc7689daf3b845934d67cb221ba8d250fdca20ac0334fea32f7091b93f00d3",
                "sha256:805459ad8baaf815883d0d6f86e45b3b0b67d823a8f3fa39b1ed9c45eaf5edf1",
                "sha256:92a0ab128b07799dd5b9077a9af075a63467d03ebac6f8a93e6440abfea4120d",
                "sha256:9f2dc79c093f6c5113718d3d90c283f11463d77daa4e83aeeac088ec6a0bda52",
                "sha256:a5109345f5ce7ddb3840f5970de71c34a0ff7fceb133c9441283bb8250f532a3",
                "sha256:a55e4d81c4260386f71d22294795c87609164e22b28ba0d435850fbdf82fc0c5",
                "sha256:a9da45b748caad72ea4a4ed57e9cd382089f33c5ec330a804eb420a496fa760f",
                "sha256:b160b9a99ecc6559d9e6d461b95c8eec21461b332f80267ad2c10394b9503496",
                "sha256:b342064e647d099ca765f19672696ad50c953cac95b566af1492fd142283580f",
                "sha256:b5e8590b9245803c849e09bae070a8e1ff444f45e3f0bed558dd722119eea724",
                "sha256:bf75d5825ef47aa51d669b03ce635ecb84d69311e05eccea083f31c7570c9931",
                "sha256:c01b59b33c7c3ba90744f2c695be571a3bd40ab2ba7f3d169ffa6db3cfba614f",
                "sha256:d96a6a7d74af56feb11e9a443150216578ea07b7450f7c05df40eec90af7f4a7",
                "sha256:dd0e3651d210068d13e18503d75aaa45656eef51ef0b261f891788589db2cc38",
                "sha256:e167b9805de54367dcb2043519382be541117503ce99e3291cc9b41ca0a83557",
                "sha256:e42029e184008a5fd3d819323345e25e2337b0ac7f5c135b7623308530209d57",
                "sha256:f545c082eeb09ae678dd451a1b1dbf17babd8a0d7adea02897a76e639afca310",
                "sha256:fde50062d67d805bc96f1a9ecc0d37bfc2a8f02b937d2c50824d186aa91f2419"
            ],
            "markers": "python_version < '3.11' and python_version >= '3.7'",
            "version": "==1.21.2"
        },
        "opencv-python": {
            "hashes": [
                "sha256:0072f6bfd1ea906a73594268605da3d44fedafbfcc959b05656698a2ef53ff6e",
                "sha256:020904d3e03aa90114377b836d5f92512ebea6f5a5c724331917efd598eece0d",
                "sha256:043db539e6257db5ee67e8abec275295f8d1e4649912e64a6d3b471f44016046",
                "sha256:20154c144e41b66c761ac959a5b07741483de39f97fb0df9d16c808961f22006",
                "sha256:23dcf29381b6571d16301fbd76513263c1a5650767ff57f3e2adb945534737ec",
                "sha256:2f9e6ce1d02beac009f85c9619e996d39b34d248df827b5c4559f9f45a82f626",
                "sha256:312aef29560ec8c05f618d9e662774da5bad5e952f4fdd5bf5ccd3cb279ba93a",
                "sha256:38f883c055adb8aeecb0f5a16a7ce96b344af41d98033dcc32c8d38110604981",
                "sha256:5021cc5f134b608688eadb4fb71accaf2ddc0a8f0793b40e96921effbc8c812c",
                "sha256:61f7fbd668a205c99f8d6f75b492aaf38d3d7f500716296d1ee2f604b499151b",
                "sha256:683d1523fef6f30ebf902f803d1e94c284f74361b2097c129b7beae0617200fc",
                "sha256:7eafbf0249bd140453d8b1653b2452fb526b7988e8bb25ee1cb228bad6617f15",
                "sha256:92fabb448def53a2ca1dcb49eaab0fa4d0f57f882dd28cb2c27d91f2be7ce45f",
                "sha256:932c2d70d297f8d117ddc509796ba61b6f78920dd49da06e70c13fba6ce0131d",
                "sha256:938a81123ff904aa35804fa39bf62cf2bc14a4a150ae874eec09e709fd26502b",
                "sha256:a2eda53cd4c99c247242c7131a7e43843e1fb6cfe27a396d16c4aad3d87bdf09",
                "sha256:a44660a387f85b89881b6076ea702935a2e8048e1067e03652d7264d7560d0f8",
                "sha256:a739dc64662f98dd43582c031b716250dc1ec8918b657f2edfa2543969c3b25f",
                "sha256:a82c4fb7dc427a3a6cdeb0401b520956828c0859223080a411392bf97494bb1a",
                "sha256:aa6b494d02219a3f129ebea1a869132759dd0a7562f6e00ac564276fe50c2ed0",
                "sha256:c7b990582b8bb54e0c41bc9b5e76d552d55ddf37f77525d8c79e6420704ba386",
                "sha256:cfb07a788439b75d43d233315516085084ad80b633a1e8f92bbfe783f1c2b917",
                "sha256:dc81fb74d4df2bea8957544a14e9b40cc2a6cbdf01043b52ecff6f3877ad0b60",
                "sha256:e0112a4973141c8b8746feb162e17f6f0bc44414194572c1d6bb54250426c30b",
                "sha256:f4b46ad2965674ba4ef4c3c2098b7f99e37bb6dee30a9e20bf8a39007ca3fcae",
                "sha256:fe40ffb9c9c77a799e326d807e9cb8382146315fe13f8af2c93e9c94e75e093c",
                "sha256:ff314db7536cce2ea88a37d060c9eaf8a00f2e465671e571582cf1a614e02b75"
            ],
            "index": "pypi",
            "version": "==3.4.7.28"
        }
    },
    "develop": {}
}
