# This file is automatically @generated by Poetry 2.2.1 and should not be changed by hand.

[[package]]
name = "attrs"
version = "22.2.0"
description = "Classes Without Boilerplate"
optional = false
python-versions = ">=3.6"
groups = ["dev"]
files = [
    {file = "attrs-22.2.0-py3-none-any.whl", hash = "sha256:29e95c7f6778868dbd49170f98f8818f78f3dc5e0e37c0b1f474e3561b240836"},
    {file = "attrs-22.2.0.tar.gz", hash = "sha256:c9227bfc2f01993c03f68db37d1d15c9690188323c067c641f1a35ca58185f99"},
]

[package.extras]
cov = ["attrs[tests]", "coverage-enable-subprocess", "coverage[toml] (>=5.3)"]
dev = ["attrs[docs,tests]"]
docs = ["furo", "myst-parser", "sphinx", "sphinx-notfound-page", "sphinxcontrib-towncrier", "towncrier", "zope.interface"]
tests = ["attrs[tests-no-zope]", "zope.interface"]
tests-no-zope = ["cloudpickle ; platform_python_implementation == \"CPython\"", "cloudpickle ; platform_python_implementation == \"CPython\"", "hypothesis", "hypothesis", "mypy (>=0.971,<0.990) ; platform_python_implementation == \"CPython\"", "mypy (>=0.971,<0.990) ; platform_python_implementation == \"CPython\"", "pympler", "pympler", "pytest (>=4.3.0)", "pytest (>=4.3.0)", "pytest-mypy-plugins ; platform_python_implementation == \"CPython\" and python_version < \"3.11\"", "pytest-mypy-plugins ; platform_python_implementation == \"CPython\" and python_version < \"3.11\"", "pytest-xdist[psutil]", "pytest-xdist[psutil]"]

[[package]]
name = "cachetools"
version = "5.2.0"
description = "Extensible memoizing collections and decorators"
optional = false
python-versions = "~=3.7"
groups = ["dev"]
files = [
    {file = "cachetools-5.2.0-py3-none-any.whl", hash = "sha256:f9f17d2aec496a9aa6b76f53e3b614c965223c061982d434d160f930c698a9db"},
    {file = "cachetools-5.2.0.tar.gz", hash = "sha256:6a94c6402995a99c3970cc7e4884bb60b4a8639938157eeed436098bf9831757"},
]

[[package]]
name = "chardet"
version = "5.1.0"
description = "Universal encoding detector for Python 3"
optional = false
python-versions = ">=3.7"
groups = ["dev"]
files = [
    {file = "chardet-5.1.0-py3-none-any.whl", hash = "sha256:362777fb014af596ad31334fde1e8c327dfdb076e1960d1694662d46a6917ab9"},
    {file = "chardet-5.1.0.tar.gz", hash = "sha256:0d62712b956bc154f85fb0a266e2a3c5913c2967e00348701b32411d6def31e5"},
]

[[package]]
name = "colorama"
version = "0.4.6"
description = "Cross-platform colored terminal text."
optional = false
python-versions = "!=3.0.*,!=3.1.*,!=3.2.*,!=3.3.*,!=3.4.*,!=3.5.*,!=3.6.*,>=2.7"
groups = ["dev"]
files = [
    {file = "colorama-0.4.6-py2.py3-none-any.whl", hash = "sha256:4f1d9991f5acc0ca119f9d443620b77f9d6b33703e51011c16baf57afb285fc6"},
    {file = "colorama-0.4.6.tar.gz", hash = "sha256:08695f5cb7ed6e0531a20572697297273c47b8cae5a63ffc6d6ed5c201be6e44"},
]

[[package]]
name = "distlib"
version = "0.3.9"
description = "Distribution utilities"
optional = false
python-versions = "*"
groups = ["dev"]
files = [
    {file = "distlib-0.3.9-py2.py3-none-any.whl", hash = "sha256:47f8c22fd27c27e25a65601af709b38e4f0a45ea4fc2e710f65755fa8caaaf87"},
    {file = "distlib-0.3.9.tar.gz", hash = "sha256:a60f20dea646b8a33f3e7772f74dc0b2d0772d2837ee1342a00645c81edf9403"},
]

[[package]]
name = "exceptiongroup"
version = "1.1.0"
description = "Backport of PEP 654 (exception groups)"
optional = false
python-versions = ">=3.7"
groups = ["dev"]
markers = "python_version == \"3.10\""
files = [
    {file = "exceptiongroup-1.1.0-py3-none-any.whl", hash = "sha256:327cbda3da756e2de031a3107b81ab7b3770a602c4d16ca618298c526f4bec1e"},
    {file = "exceptiongroup-1.1.0.tar.gz", hash = "sha256:bcb67d800a4497e1b404c2dd44fca47d3b7a5e5433dbab67f96c1a685cdfdf23"},
]

[package.extras]
test = ["pytest (>=6)"]

[[package]]
name = "filelock"
version = "3.20.1"
description = "A platform independent file lock."
optional = false
python-versions = ">=3.10"
groups = ["dev"]
files = [
    {file = "filelock-3.20.1-py3-none-any.whl", hash = "sha256:15d9e9a67306188a44baa72f569d2bfd803076269365fdea0934385da4dc361a"},
    {file = "filelock-3.20.1.tar.gz", hash = "sha256:b8360948b351b80f420878d8516519a2204b07aefcdcfd24912a5d33127f188c"},
]

[[package]]
name = "iniconfig"
version = "1.1.1"
description = "iniconfig: brain-dead simple config-ini parsing"
optional = false
python-versions = "*"
groups = ["dev"]
files = [
    {file = "iniconfig-1.1.1-py2.py3-none-any.whl", hash = "sha256:011e24c64b7f47f6ebd835bb12a743f2fbe9a26d4cecaa7f53bc4f35ee9da8b3"},
    {file = "iniconfig-1.1.1.tar.gz", hash = "sha256:bc3af051d7d14b2ee5ef9969666def0cd1a000e121eaea580d4a313df4b37f32"},
]

[[package]]
name = "packaging"
version = "22.0"
description = "Core utilities for Python packages"
optional = false
python-versions = ">=3.7"
groups = ["dev"]
files = [
    {file = "packaging-22.0-py3-none-any.whl", hash = "sha256:957e2148ba0e1a3b282772e791ef1d8083648bc131c8ab0c1feba110ce1146c3"},
    {file = "packaging-22.0.tar.gz", hash = "sha256:2198ec20bd4c017b8f9717e00f0c8714076fc2fd93816750ab48e2c41de2cfd3"},
]

[[package]]
name = "platformdirs"
version = "4.3.6"
description = "A small Python package for determining appropriate platform-specific dirs, e.g. a `user data dir`."
optional = false
python-versions = ">=3.8"
groups = ["dev"]
files = [
    {file = "platformdirs-4.3.6-py3-none-any.whl", hash = "sha256:73e575e1408ab8103900836b97580d5307456908a03e92031bab39e4554cc3fb"},
    {file = "platformdirs-4.3.6.tar.gz", hash = "sha256:357fb2acbc885b0419afd3ce3ed34564c13c9b95c89360cd9563f73aa5e2b907"},
]

[package.extras]
docs = ["furo (>=2024.8.6)", "proselint (>=0.14)", "sphinx (>=8.0.2)", "sphinx-autodoc-typehints (>=2.4)"]
test = ["appdirs (==1.4.4)", "covdefaults (>=2.3)", "pytest (>=8.3.2)", "pytest-cov (>=5)", "pytest-mock (>=3.14)"]
type = ["mypy (>=1.11.2)"]

[[package]]
name = "pluggy"
version = "1.0.0"
description = "plugin and hook calling mechanisms for python"
optional = false
python-versions = ">=3.6"
groups = ["dev"]
files = [
    {file = "pluggy-1.0.0-py2.py3-none-any.whl", hash = "sha256:74134bbf457f031a36d68416e1509f34bd5ccc019f0bcc952c7b909d06b37bd3"},
    {file = "pluggy-1.0.0.tar.gz", hash = "sha256:4224373bacce55f955a878bf9cfa763c1e360858e330072059e10bad68531159"},
]

[package.extras]
dev = ["pre-commit", "tox"]
testing = ["pytest", "pytest-benchmark"]

[[package]]
name = "pyproject-api"
version = "1.2.1"
description = "API to interact with the python pyproject.toml based projects"
optional = false
python-versions = ">=3.7"
groups = ["dev"]
files = [
    {file = "pyproject_api-1.2.1-py3-none-any.whl", hash = "sha256:155d5623453173b7b4e9379a3146ccef2d52335234eb2d03d6ba730e7dad179c"},
    {file = "pyproject_api-1.2.1.tar.gz", hash = "sha256:093c047d192ceadcab7afd6b501276bf2ce44adf41cb9c313234518cddd20818"},
]

[package.dependencies]
packaging = ">=21.3"
tomli = {version = ">=2.0.1", markers = "python_version < \"3.11\""}

[package.extras]
docs = ["furo (>=2022.9.29)", "sphinx (>=5.3)", "sphinx-autodoc-typehints (>=1.19.5)"]
testing = ["covdefaults (>=2.2.2)", "importlib-metadata (>=5.1) ; python_version < \"3.8\"", "pytest (>=7.2)", "pytest-cov (>=4)", "pytest-mock (>=3.10)", "virtualenv (>=20.17)", "wheel (>=0.38.4)"]

[[package]]
name = "pytest"
version = "7.2.0"
description = "pytest: simple powerful testing with Python"
optional = false
python-versions = ">=3.7"
groups = ["dev"]
files = [
    {file = "pytest-7.2.0-py3-none-any.whl", hash = "sha256:892f933d339f068883b6fd5a459f03d85bfcb355e4981e146d2c7616c21fef71"},
    {file = "pytest-7.2.0.tar.gz", hash = "sha256:c4014eb40e10f11f355ad4e3c2fb2c6c6d1919c73f3b5a433de4708202cade59"},
]

[package.dependencies]
attrs = ">=19.2.0"
colorama = {version = "*", markers = "sys_platform == \"win32\""}
exceptiongroup = {version = ">=1.0.0rc8", markers = "python_version < \"3.11\""}
iniconfig = "*"
packaging = "*"
pluggy = ">=0.12,<2.0"
tomli = {version = ">=1.0.0", markers = "python_version < \"3.11\""}

[package.extras]
testing = ["argcomplete", "hypothesis (>=3.56)", "mock", "nose", "pygments (>=2.7.2)", "requests", "xmlschema"]

[[package]]
name = "tomli"
version = "2.0.1"
description = "A lil' TOML parser"
optional = false
python-versions = ">=3.7"
groups = ["dev"]
markers = "python_version == \"3.10\""
files = [
    {file = "tomli-2.0.1-py3-none-any.whl", hash = "sha256:939de3e7a6161af0c887ef91b7d41a53e7c5a1ca976325f429cb46ea9bc30ecc"},
    {file = "tomli-2.0.1.tar.gz", hash = "sha256:de526c12914f0c550d15924c62d72abc48d6fe7364aa87328337a31007fe8a4f"},
]

[[package]]
name = "tox"
version = "4.0.16"
description = "tox is a generic virtualenv management and test command line tool"
optional = false
python-versions = ">=3.7"
groups = ["dev"]
files = [
    {file = "tox-4.0.16-py3-none-any.whl", hash = "sha256:1ba98d4a67b815403e616cf6ded707aeb0fadff10702928f9b990274c9703e9f"},
    {file = "tox-4.0.16.tar.gz", hash = "sha256:968fc4e27110defdf15972893cb15fe1669f338c8408d8835077462fb07e07fe"},
]

[package.dependencies]
cachetools = ">=5.2"
chardet = ">=5.1"
colorama = ">=0.4.6"
filelock = ">=3.8.2"
packaging = ">=22"
platformdirs = ">=2.6"
pluggy = ">=1"
pyproject-api = ">=1.2.1"
tomli = {version = ">=2.0.1", markers = "python_version < \"3.11\""}
virtualenv = ">=20.17.1"

[package.extras]
docs = ["furo (>=2022.12.7)", "sphinx (>=5.3)", "sphinx-argparse-cli (>=1.10)", "sphinx-autodoc-typehints (>=1.19.5)", "sphinx-copybutton (>=0.5.1)", "sphinx-inline-tabs (>=2022.1.2b11)", "sphinxcontrib-towncrier (>=0.2.1a0)", "towncrier (>=22.8)"]
testing = ["build[virtualenv] (>=0.9)", "covdefaults (>=2.2.2)", "devpi-process (>=0.3)", "diff-cover (>=7.3)", "distlib (>=0.3.6)", "flaky (>=3.7)", "hatch-vcs (>=0.3)", "hatchling (>=1.11.1)", "psutil (>=5.9.4)", "pytest (>=7.2)", "pytest-cov (>=4)", "pytest-mock (>=3.10)", "pytest-xdist (>=3.1)", "re-assert (>=1.1)", "time-machine (>=2.8.2)"]

[[package]]
name = "virtualenv"
version = "20.26.6"
description = "Virtual Python Environment builder"
optional = false
python-versions = ">=3.7"
groups = ["dev"]
files = [
    {file = "virtualenv-20.26.6-py3-none-any.whl", hash = "sha256:7345cc5b25405607a624d8418154577459c3e0277f5466dd79c49d5e492995f2"},
    {file = "virtualenv-20.26.6.tar.gz", hash = "sha256:280aede09a2a5c317e409a00102e7077c6432c5a38f0ef938e643805a7ad2c48"},
]

[package.dependencies]
distlib = ">=0.3.7,<1"
filelock = ">=3.12.2,<4"
platformdirs = ">=3.9.1,<5"

[package.extras]
docs = ["furo (>=2023.7.26)", "proselint (>=0.13)", "sphinx (>=7.1.2,!=7.3)", "sphinx-argparse (>=0.4)", "sphinxcontrib-towncrier (>=0.2.1a0)", "towncrier (>=23.6)"]
test = ["covdefaults (>=2.3)", "coverage (>=7.2.7)", "coverage-enable-subprocess (>=1)", "flaky (>=3.7)", "packaging (>=23.1)", "pytest (>=7.4)", "pytest-env (>=0.8.2)", "pytest-freezer (>=0.4.8) ; platform_python_implementation == \"PyPy\" or platform_python_implementation == \"CPython\" and sys_platform == \"win32\" and python_version >= \"3.13\"", "pytest-mock (>=3.11.1)", "pytest-randomly (>=3.12)", "pytest-timeout (>=2.1)", "setuptools (>=68)", "time-machine (>=2.10) ; platform_python_implementation == \"CPython\""]

[metadata]
lock-version = "2.1"
python-versions = "^3.10"
content-hash = "658f668e1a79a897ee360fb2007fc6d89556359cb2a327cb9b15f694e1ab1ac0"
