{
    "_meta": {
        "hash": {
            "sha256": "726cf9b35c20af30d6b256dadd9e5a33f26e119f077d009d0a9d6a1e472bb13d"
        },
        "pipfile-spec": 6,
        "requires": {
            "python_version": "3.7"
        },
        "sources": [
            {
                "name": "pypi",
                "url": "https://pypi.org/simple",
                "verify_ssl": true
            }
        ]
    },
    "default": {
        "selenium": {
            "hashes": [
                "sha256:c53d13a2627d835fee3d1d6291214c62196dfeb6f5f35572bacf31ac60c030c0",
                "sha256:f9ca21919b564a0a86012cd2177923e3a7f37c4a574207086e710192452a7c40"
            ],
            "index": "pypi",
            "version": "==3.14.0"
        },
        "urllib3": {
            "hashes": [
                "sha256:a68ac5e15e76e7e5dd2b8f94007233e01effe3e50e8daddf69acfd81cb686baf",
                "sha256:b5725a0bd4ba422ab0e66e89e030c806576753ea3ee08554382c14e685d117b5"
            ],
            "markers": "python_version != '3.2.*' and python_version != '3.0.*' and python_version < '4' and python_version >= '2.6' and python_version != '3.1.*' and python_version != '3.3.*'",
            "version": "==1.23"
        }
    },
    "develop": {}
}
